// !$*UTF8*$!
{
	archiveVersion = 1;
	classes = {
	};
	objectVersion = 48;
	objects = {

/* Begin PBXBuildFile section */
		C6071E641F99F9F800E9013B /* AppDelegate.swift in Sources */ = {isa = PBXBuildFile; fileRef = C6071E631F99F9F800E9013B /* AppDelegate.swift */; };
		C6071E691F99F9F800E9013B /* Reciever.storyboard in Resources */ = {isa = PBXBuildFile; fileRef = C6071E671F99F9F800E9013B /* Reciever.storyboard */; };
		C6071E6B1F99F9F800E9013B /* Assets.xcassets in Resources */ = {isa = PBXBuildFile; fileRef = C6071E6A1F99F9F800E9013B /* Assets.xcassets */; };
		C6071E6E1F99F9F800E9013B /* LaunchScreen.storyboard in Resources */ = {isa = PBXBuildFile; fileRef = C6071E6C1F99F9F800E9013B /* LaunchScreen.storyboard */; };
		C6071E791F99F9F800E9013B /* RecieverViewTests.swift in Sources */ = {isa = PBXBuildFile; fileRef = C6071E781F99F9F800E9013B /* RecieverViewTests.swift */; };
		C6071E841F99FBF100E9013B /* APIRouter.swift in Sources */ = {isa = PBXBuildFile; fileRef = C6071E831F99FBF100E9013B /* APIRouter.swift */; };
		C6071E861F99FC6000E9013B /* RecieverViewInteractor.swift in Sources */ = {isa = PBXBuildFile; fileRef = C6071E851F99FC6000E9013B /* RecieverViewInteractor.swift */; };
		C6071E881F99FCA100E9013B /* RecieverViewPresenter.swift in Sources */ = {isa = PBXBuildFile; fileRef = C6071E871F99FCA100E9013B /* RecieverViewPresenter.swift */; };
		C6071E8A1F99FCEB00E9013B /* RecieverView.swift in Sources */ = {isa = PBXBuildFile; fileRef = C6071E891F99FCEB00E9013B /* RecieverView.swift */; };
		C6071E901F9A065C00E9013B /* RecieverView.swift in Sources */ = {isa = PBXBuildFile; fileRef = C6071E891F99FCEB00E9013B /* RecieverView.swift */; };
		C6071E911F9A067C00E9013B /* RecieverViewPresenter.swift in Sources */ = {isa = PBXBuildFile; fileRef = C6071E871F99FCA100E9013B /* RecieverViewPresenter.swift */; };
		C6071E991F9A075400E9013B /* RecieverInteractor.swift in Sources */ = {isa = PBXBuildFile; fileRef = C6071E981F9A075400E9013B /* RecieverInteractor.swift */; };
		C6071E9A1F9A07E200E9013B /* RecieverInteractor.swift in Sources */ = {isa = PBXBuildFile; fileRef = C6071E981F9A075400E9013B /* RecieverInteractor.swift */; };
		C6071E9C1F9A084C00E9013B /* MockRecieverView.swift in Sources */ = {isa = PBXBuildFile; fileRef = C6071E9B1F9A084C00E9013B /* MockRecieverView.swift */; };
		C6071EA01F9A086C00E9013B /* MockRecieverInteractor.swift in Sources */ = {isa = PBXBuildFile; fileRef = C6071E9F1F9A086C00E9013B /* MockRecieverInteractor.swift */; };
		C6071EA51F9A0A7800E9013B /* BeaconInteractorable.swift in Sources */ = {isa = PBXBuildFile; fileRef = C6071EA41F9A0A7800E9013B /* BeaconInteractorable.swift */; };
		C6071EA61F9A0A8B00E9013B /* BeaconInteractorable.swift in Sources */ = {isa = PBXBuildFile; fileRef = C6071EA41F9A0A7800E9013B /* BeaconInteractorable.swift */; };
		C6071EAA1F9A0B9000E9013B /* MockBeaconInteractor.swift in Sources */ = {isa = PBXBuildFile; fileRef = C6071EA91F9A0B9000E9013B /* MockBeaconInteractor.swift */; };
		C6071EAC1F9A0DB300E9013B /* DoorError.swift in Sources */ = {isa = PBXBuildFile; fileRef = C6071EAB1F9A0DB300E9013B /* DoorError.swift */; };
		C6071EAD1F9A0DB700E9013B /* DoorError.swift in Sources */ = {isa = PBXBuildFile; fileRef = C6071EAB1F9A0DB300E9013B /* DoorError.swift */; };
		C6330D5B1F9A129C00C5C9EB /* Localizable.strings in Resources */ = {isa = PBXBuildFile; fileRef = C6330D5A1F9A129C00C5C9EB /* Localizable.strings */; };
		C6330D5C1F9A130200C5C9EB /* Localizable.strings in Resources */ = {isa = PBXBuildFile; fileRef = C6330D5A1F9A129C00C5C9EB /* Localizable.strings */; };
		C68611A31F9B938600BBAA07 /* DummyViewController.swift in Sources */ = {isa = PBXBuildFile; fileRef = C68611A21F9B938600BBAA07 /* DummyViewController.swift */; };
		C68611A61F9B93F600BBAA07 /* Dummy.storyboard in Resources */ = {isa = PBXBuildFile; fileRef = C68611A51F9B93F600BBAA07 /* Dummy.storyboard */; };
		C68611AA1F9B971600BBAA07 /* ProfileViewPresenter.swift in Sources */ = {isa = PBXBuildFile; fileRef = C68611A91F9B971600BBAA07 /* ProfileViewPresenter.swift */; };
		C68611AC1F9B972700BBAA07 /* ProfileView.swift in Sources */ = {isa = PBXBuildFile; fileRef = C68611AB1F9B972700BBAA07 /* ProfileView.swift */; };
		C68611AF1F9B981100BBAA07 /* ProfileViewInteractor.swift in Sources */ = {isa = PBXBuildFile; fileRef = C68611AE1F9B981100BBAA07 /* ProfileViewInteractor.swift */; };
		C68611B11F9B98EC00BBAA07 /* ProfileItem.swift in Sources */ = {isa = PBXBuildFile; fileRef = C68611B01F9B98EC00BBAA07 /* ProfileItem.swift */; };
		C68611B41F9B9AAC00BBAA07 /* Presentable.swift in Sources */ = {isa = PBXBuildFile; fileRef = C68611B31F9B9AAC00BBAA07 /* Presentable.swift */; };
		C68611B91F9B9B1800BBAA07 /* ViewControllerInstantiable.swift in Sources */ = {isa = PBXBuildFile; fileRef = C68611B81F9B9B0B00BBAA07 /* ViewControllerInstantiable.swift */; };
		C68611BD1F9B9DCD00BBAA07 /* CoreLocation.framework in Frameworks */ = {isa = PBXBuildFile; fileRef = C68611BC1F9B9DCD00BBAA07 /* CoreLocation.framework */; };
		C688EDE71F9A39F00065D95D /* RecieverViewController.swift in Sources */ = {isa = PBXBuildFile; fileRef = C688EDE51F9A39C50065D95D /* RecieverViewController.swift */; };
		C688EDE91F9A3A760065D95D /* RecieverBeaconInteractor.swift in Sources */ = {isa = PBXBuildFile; fileRef = C688EDE81F9A3A720065D95D /* RecieverBeaconInteractor.swift */; };
		C688EDEC1F9A4C210065D95D /* RoundImageView.swift in Sources */ = {isa = PBXBuildFile; fileRef = C688EDEB1F9A4C210065D95D /* RoundImageView.swift */; };
		C688EDEE1F9A4D470065D95D /* ProfileViewController.swift in Sources */ = {isa = PBXBuildFile; fileRef = C688EDED1F9A4D470065D95D /* ProfileViewController.swift */; };
		C688EDF11F9A50340065D95D /* SubMenuCell.swift in Sources */ = {isa = PBXBuildFile; fileRef = C688EDF01F9A50340065D95D /* SubMenuCell.swift */; };
		C688EDF31F9A50750065D95D /* UserInfoCell.swift in Sources */ = {isa = PBXBuildFile; fileRef = C688EDF21F9A50750065D95D /* UserInfoCell.swift */; };
		C688EDF51F9A51E90065D95D /* User.swift in Sources */ = {isa = PBXBuildFile; fileRef = C688EDF41F9A51E90065D95D /* User.swift */; };
		C6DA84DF1F9CE4960065FFF9 /* BeaconBroadcaster.swift in Sources */ = {isa = PBXBuildFile; fileRef = C6DA84DE1F9CE4960065FFF9 /* BeaconBroadcaster.swift */; };
		C6DA84E11F9CEA140065FFF9 /* CoreBluetooth.framework in Frameworks */ = {isa = PBXBuildFile; fileRef = C6DA84E01F9CEA130065FFF9 /* CoreBluetooth.framework */; };
		C6DA84E61F9CF7710065FFF9 /* ViewRouter.swift in Sources */ = {isa = PBXBuildFile; fileRef = C6DA84E51F9CF7710065FFF9 /* ViewRouter.swift */; };
		C6DA84ED1F9CF86F0065FFF9 /* Transmitter.storyboard in Resources */ = {isa = PBXBuildFile; fileRef = C6DA84EC1F9CF86F0065FFF9 /* Transmitter.storyboard */; };
		C6DA84EE1F9CF8810065FFF9 /* TransmitterViewController.swift in Sources */ = {isa = PBXBuildFile; fileRef = C6DA84EB1F9CF8160065FFF9 /* TransmitterViewController.swift */; };
		C6DE08721F9CE11600C4C23E /* RecieverBeacon.swift in Sources */ = {isa = PBXBuildFile; fileRef = C6DE08711F9CE11600C4C23E /* RecieverBeacon.swift */; };
		C6FEBE3E1F9F8504000994E9 /* AppScheme.swift in Sources */ = {isa = PBXBuildFile; fileRef = C6FEBE3D1F9F84ED000994E9 /* AppScheme.swift */; };
/* End PBXBuildFile section */

/* Begin PBXContainerItemProxy section */
		C6071E751F99F9F800E9013B /* PBXContainerItemProxy */ = {
			isa = PBXContainerItemProxy;
			containerPortal = C6071E581F99F9F800E9013B /* Project object */;
			proxyType = 1;
			remoteGlobalIDString = C6071E5F1F99F9F800E9013B;
			remoteInfo = Receiver;
		};
/* End PBXContainerItemProxy section */

/* Begin PBXFileReference section */
		C6071E601F99F9F800E9013B /* Receiver.app */ = {isa = PBXFileReference; explicitFileType = wrapper.application; includeInIndex = 0; path = Receiver.app; sourceTree = BUILT_PRODUCTS_DIR; };
		C6071E631F99F9F800E9013B /* AppDelegate.swift */ = {isa = PBXFileReference; lastKnownFileType = sourcecode.swift; path = AppDelegate.swift; sourceTree = "<group>"; };
		C6071E681F99F9F800E9013B /* Base */ = {isa = PBXFileReference; lastKnownFileType = file.storyboard; name = Base; path = Base.lproj/Reciever.storyboard; sourceTree = "<group>"; };
		C6071E6A1F99F9F800E9013B /* Assets.xcassets */ = {isa = PBXFileReference; lastKnownFileType = folder.assetcatalog; path = Assets.xcassets; sourceTree = "<group>"; };
		C6071E6D1F99F9F800E9013B /* Base */ = {isa = PBXFileReference; lastKnownFileType = file.storyboard; name = Base; path = Base.lproj/LaunchScreen.storyboard; sourceTree = "<group>"; };
		C6071E6F1F99F9F800E9013B /* Info.plist */ = {isa = PBXFileReference; lastKnownFileType = text.plist.xml; path = Info.plist; sourceTree = "<group>"; };
		C6071E741F99F9F800E9013B /* ReceiverTests.xctest */ = {isa = PBXFileReference; explicitFileType = wrapper.cfbundle; includeInIndex = 0; path = ReceiverTests.xctest; sourceTree = BUILT_PRODUCTS_DIR; };
		C6071E781F99F9F800E9013B /* RecieverViewTests.swift */ = {isa = PBXFileReference; lastKnownFileType = sourcecode.swift; path = RecieverViewTests.swift; sourceTree = "<group>"; };
		C6071E7A1F99F9F800E9013B /* Info.plist */ = {isa = PBXFileReference; lastKnownFileType = text.plist.xml; path = Info.plist; sourceTree = "<group>"; };
		C6071E831F99FBF100E9013B /* APIRouter.swift */ = {isa = PBXFileReference; lastKnownFileType = sourcecode.swift; path = APIRouter.swift; sourceTree = "<group>"; };
		C6071E851F99FC6000E9013B /* RecieverViewInteractor.swift */ = {isa = PBXFileReference; lastKnownFileType = sourcecode.swift; path = RecieverViewInteractor.swift; sourceTree = "<group>"; };
		C6071E871F99FCA100E9013B /* RecieverViewPresenter.swift */ = {isa = PBXFileReference; lastKnownFileType = sourcecode.swift; path = RecieverViewPresenter.swift; sourceTree = "<group>"; };
		C6071E891F99FCEB00E9013B /* RecieverView.swift */ = {isa = PBXFileReference; lastKnownFileType = sourcecode.swift; path = RecieverView.swift; sourceTree = "<group>"; };
		C6071E981F9A075400E9013B /* RecieverInteractor.swift */ = {isa = PBXFileReference; lastKnownFileType = sourcecode.swift; path = RecieverInteractor.swift; sourceTree = "<group>"; };
		C6071E9B1F9A084C00E9013B /* MockRecieverView.swift */ = {isa = PBXFileReference; lastKnownFileType = sourcecode.swift; path = MockRecieverView.swift; sourceTree = "<group>"; };
		C6071E9F1F9A086C00E9013B /* MockRecieverInteractor.swift */ = {isa = PBXFileReference; lastKnownFileType = sourcecode.swift; path = MockRecieverInteractor.swift; sourceTree = "<group>"; };
		C6071EA41F9A0A7800E9013B /* BeaconInteractorable.swift */ = {isa = PBXFileReference; lastKnownFileType = sourcecode.swift; path = BeaconInteractorable.swift; sourceTree = "<group>"; };
		C6071EA91F9A0B9000E9013B /* MockBeaconInteractor.swift */ = {isa = PBXFileReference; lastKnownFileType = sourcecode.swift; path = MockBeaconInteractor.swift; sourceTree = "<group>"; };
		C6071EAB1F9A0DB300E9013B /* DoorError.swift */ = {isa = PBXFileReference; lastKnownFileType = sourcecode.swift; path = DoorError.swift; sourceTree = "<group>"; };
		C6330D5A1F9A129C00C5C9EB /* Localizable.strings */ = {isa = PBXFileReference; lastKnownFileType = text.plist.strings; path = Localizable.strings; sourceTree = "<group>"; };
		C68611A21F9B938600BBAA07 /* DummyViewController.swift */ = {isa = PBXFileReference; lastKnownFileType = sourcecode.swift; path = DummyViewController.swift; sourceTree = "<group>"; };
		C68611A51F9B93F600BBAA07 /* Dummy.storyboard */ = {isa = PBXFileReference; lastKnownFileType = file.storyboard; path = Dummy.storyboard; sourceTree = "<group>"; };
		C68611A91F9B971600BBAA07 /* ProfileViewPresenter.swift */ = {isa = PBXFileReference; lastKnownFileType = sourcecode.swift; path = ProfileViewPresenter.swift; sourceTree = "<group>"; };
		C68611AB1F9B972700BBAA07 /* ProfileView.swift */ = {isa = PBXFileReference; lastKnownFileType = sourcecode.swift; path = ProfileView.swift; sourceTree = "<group>"; };
		C68611AE1F9B981100BBAA07 /* ProfileViewInteractor.swift */ = {isa = PBXFileReference; lastKnownFileType = sourcecode.swift; path = ProfileViewInteractor.swift; sourceTree = "<group>"; };
		C68611B01F9B98EC00BBAA07 /* ProfileItem.swift */ = {isa = PBXFileReference; lastKnownFileType = sourcecode.swift; path = ProfileItem.swift; sourceTree = "<group>"; };
		C68611B31F9B9AAC00BBAA07 /* Presentable.swift */ = {isa = PBXFileReference; lastKnownFileType = sourcecode.swift; path = Presentable.swift; sourceTree = "<group>"; };
		C68611B81F9B9B0B00BBAA07 /* ViewControllerInstantiable.swift */ = {isa = PBXFileReference; lastKnownFileType = sourcecode.swift; name = ViewControllerInstantiable.swift; path = Receiver/ViewControllerInstantiable.swift; sourceTree = SOURCE_ROOT; };
		C68611BC1F9B9DCD00BBAA07 /* CoreLocation.framework */ = {isa = PBXFileReference; lastKnownFileType = wrapper.framework; name = CoreLocation.framework; path = System/Library/Frameworks/CoreLocation.framework; sourceTree = SDKROOT; };
		C688EDE51F9A39C50065D95D /* RecieverViewController.swift */ = {isa = PBXFileReference; lastKnownFileType = sourcecode.swift; path = RecieverViewController.swift; sourceTree = "<group>"; };
		C688EDE81F9A3A720065D95D /* RecieverBeaconInteractor.swift */ = {isa = PBXFileReference; lastKnownFileType = sourcecode.swift; path = RecieverBeaconInteractor.swift; sourceTree = "<group>"; };
		C688EDEB1F9A4C210065D95D /* RoundImageView.swift */ = {isa = PBXFileReference; lastKnownFileType = sourcecode.swift; path = RoundImageView.swift; sourceTree = "<group>"; };
		C688EDED1F9A4D470065D95D /* ProfileViewController.swift */ = {isa = PBXFileReference; lastKnownFileType = sourcecode.swift; path = ProfileViewController.swift; sourceTree = "<group>"; };
		C688EDF01F9A50340065D95D /* SubMenuCell.swift */ = {isa = PBXFileReference; lastKnownFileType = sourcecode.swift; path = SubMenuCell.swift; sourceTree = "<group>"; };
		C688EDF21F9A50750065D95D /* UserInfoCell.swift */ = {isa = PBXFileReference; lastKnownFileType = sourcecode.swift; path = UserInfoCell.swift; sourceTree = "<group>"; };
		C688EDF41F9A51E90065D95D /* User.swift */ = {isa = PBXFileReference; lastKnownFileType = sourcecode.swift; path = User.swift; sourceTree = "<group>"; };
		C6DA84DE1F9CE4960065FFF9 /* BeaconBroadcaster.swift */ = {isa = PBXFileReference; lastKnownFileType = sourcecode.swift; path = BeaconBroadcaster.swift; sourceTree = "<group>"; };
		C6DA84E01F9CEA130065FFF9 /* CoreBluetooth.framework */ = {isa = PBXFileReference; lastKnownFileType = wrapper.framework; name = CoreBluetooth.framework; path = System/Library/Frameworks/CoreBluetooth.framework; sourceTree = SDKROOT; };
		C6DA84E41F9CF7610065FFF9 /* AppScheme.swift */ = {isa = PBXFileReference; lastKnownFileType = sourcecode.swift; name = AppScheme.swift; path = Receiver/AppScheme.swift; sourceTree = SOURCE_ROOT; };
		C6DA84E51F9CF7710065FFF9 /* ViewRouter.swift */ = {isa = PBXFileReference; lastKnownFileType = sourcecode.swift; path = ViewRouter.swift; sourceTree = "<group>"; };
		C6DA84EB1F9CF8160065FFF9 /* TransmitterViewController.swift */ = {isa = PBXFileReference; lastKnownFileType = sourcecode.swift; path = TransmitterViewController.swift; sourceTree = "<group>"; };
		C6DA84EC1F9CF86F0065FFF9 /* Transmitter.storyboard */ = {isa = PBXFileReference; lastKnownFileType = file.storyboard; path = Transmitter.storyboard; sourceTree = "<group>"; };
		C6DE08711F9CE11600C4C23E /* RecieverBeacon.swift */ = {isa = PBXFileReference; lastKnownFileType = sourcecode.swift; path = RecieverBeacon.swift; sourceTree = "<group>"; };
		C6FEBE3D1F9F84ED000994E9 /* AppScheme.swift */ = {isa = PBXFileReference; lastKnownFileType = sourcecode.swift; name = AppScheme.swift; path = Receiver/AppScheme.swift; sourceTree = SOURCE_ROOT; };
/* End PBXFileReference section */

/* Begin PBXFrameworksBuildPhase section */
		C6071E5D1F99F9F800E9013B /* Frameworks */ = {
			isa = PBXFrameworksBuildPhase;
			buildActionMask = 2147483647;
			files = (
				C6DA84E11F9CEA140065FFF9 /* CoreBluetooth.framework in Frameworks */,
				C68611BD1F9B9DCD00BBAA07 /* CoreLocation.framework in Frameworks */,
			);
			runOnlyForDeploymentPostprocessing = 0;
		};
		C6071E711F99F9F800E9013B /* Frameworks */ = {
			isa = PBXFrameworksBuildPhase;
			buildActionMask = 2147483647;
			files = (
			);
			runOnlyForDeploymentPostprocessing = 0;
		};
/* End PBXFrameworksBuildPhase section */

/* Begin PBXGroup section */
		C6071E571F99F9F800E9013B = {
			isa = PBXGroup;
			children = (
				C6071E621F99F9F800E9013B /* Receiver */,
				C6071E771F99F9F800E9013B /* ReceiverTests */,
				C6071E611F99F9F800E9013B /* Products */,
				C68611BB1F9B9DCD00BBAA07 /* Frameworks */,
			);
			sourceTree = "<group>";
		};
		C6071E611F99F9F800E9013B /* Products */ = {
			isa = PBXGroup;
			children = (
				C6071E601F99F9F800E9013B /* Receiver.app */,
				C6071E741F99F9F800E9013B /* ReceiverTests.xctest */,
			);
			name = Products;
			sourceTree = "<group>";
		};
		C6071E621F99F9F800E9013B /* Receiver */ = {
			isa = PBXGroup;
			children = (
				C6071E631F99F9F800E9013B /* AppDelegate.swift */,
				C6071E971F9A073B00E9013B /* Features */,
				C68611B71F9B9B0500BBAA07 /* Models */,
				C68611B61F9B9AFD00BBAA07 /* Components */,
				C68611B51F9B9AF600BBAA07 /* Protocols */,
				C68611BA1F9B9B2200BBAA07 /* API */,
				C6071E671F99F9F800E9013B /* Reciever.storyboard */,
				C6071E6A1F99F9F800E9013B /* Assets.xcassets */,
				C6071E6F1F99F9F800E9013B /* Info.plist */,
				C6071E6C1F99F9F800E9013B /* LaunchScreen.storyboard */,
				C6330D5A1F9A129C00C5C9EB /* Localizable.strings */,
			);
			path = Receiver;
			sourceTree = "<group>";
		};
		C6071E771F99F9F800E9013B /* ReceiverTests */ = {
			isa = PBXGroup;
			children = (
				C6071EA11F9A097100E9013B /* Features */,
				C6071E7A1F99F9F800E9013B /* Info.plist */,
			);
			path = ReceiverTests;
			sourceTree = "<group>";
		};
		C6071E951F9A071C00E9013B /* Protocols */ = {
			isa = PBXGroup;
			children = (
				C6071E891F99FCEB00E9013B /* RecieverView.swift */,
				C6071E981F9A075400E9013B /* RecieverInteractor.swift */,
			);
			path = Protocols;
			sourceTree = "<group>";
		};
		C6071E961F9A073300E9013B /* Reciever */ = {
			isa = PBXGroup;
			children = (
				C6071E951F9A071C00E9013B /* Protocols */,
				C688EDE51F9A39C50065D95D /* RecieverViewController.swift */,
				C6071E871F99FCA100E9013B /* RecieverViewPresenter.swift */,
				C6071E851F99FC6000E9013B /* RecieverViewInteractor.swift */,
				C688EDE81F9A3A720065D95D /* RecieverBeaconInteractor.swift */,
			);
			path = Reciever;
			sourceTree = "<group>";
		};
		C6071E971F9A073B00E9013B /* Features */ = {
			isa = PBXGroup;
			children = (
				C6DA84E51F9CF7710065FFF9 /* ViewRouter.swift */,
				C688EDEF1F9A4D4D0065D95D /* Profile */,
				C6071E961F9A073300E9013B /* Reciever */,
				C68611A41F9B938A00BBAA07 /* DummyView */,
				C6DA84EA1F9CF8160065FFF9 /* Transmitter */,
			);
			path = Features;
			sourceTree = "<group>";
		};
		C6071EA11F9A097100E9013B /* Features */ = {
			isa = PBXGroup;
			children = (
				C6071EA21F9A097900E9013B /* Reciever */,
			);
			path = Features;
			sourceTree = "<group>";
		};
		C6071EA21F9A097900E9013B /* Reciever */ = {
			isa = PBXGroup;
			children = (
				C6071EA31F9A098400E9013B /* Mock */,
				C6071E781F99F9F800E9013B /* RecieverViewTests.swift */,
			);
			path = Reciever;
			sourceTree = "<group>";
		};
		C6071EA31F9A098400E9013B /* Mock */ = {
			isa = PBXGroup;
			children = (
				C6071E9B1F9A084C00E9013B /* MockRecieverView.swift */,
				C6071E9F1F9A086C00E9013B /* MockRecieverInteractor.swift */,
				C6071EA91F9A0B9000E9013B /* MockBeaconInteractor.swift */,
			);
			path = Mock;
			sourceTree = "<group>";
		};
		C68611A41F9B938A00BBAA07 /* DummyView */ = {
			isa = PBXGroup;
			children = (
				C68611A51F9B93F600BBAA07 /* Dummy.storyboard */,
				C68611A21F9B938600BBAA07 /* DummyViewController.swift */,
			);
			path = DummyView;
			sourceTree = "<group>";
		};
		C68611AD1F9B972E00BBAA07 /* Protocols */ = {
			isa = PBXGroup;
			children = (
				C68611AB1F9B972700BBAA07 /* ProfileView.swift */,
			);
			path = Protocols;
			sourceTree = "<group>";
		};
		C68611B21F9B9A5C00BBAA07 /* Models */ = {
			isa = PBXGroup;
			children = (
				C68611B01F9B98EC00BBAA07 /* ProfileItem.swift */,
			);
			path = Models;
			sourceTree = "<group>";
		};
		C68611B51F9B9AF600BBAA07 /* Protocols */ = {
			isa = PBXGroup;
			children = (
				C68611B81F9B9B0B00BBAA07 /* ViewControllerInstantiable.swift */,
				C6071EA41F9A0A7800E9013B /* BeaconInteractorable.swift */,
				C68611B31F9B9AAC00BBAA07 /* Presentable.swift */,
			);
			path = Protocols;
			sourceTree = "<group>";
		};
		C68611B61F9B9AFD00BBAA07 /* Components */ = {
			isa = PBXGroup;
			children = (
				C688EDEB1F9A4C210065D95D /* RoundImageView.swift */,
			);
			path = Components;
			sourceTree = "<group>";
		};
		C68611B71F9B9B0500BBAA07 /* Models */ = {
			isa = PBXGroup;
			children = (
				C6FEBE3D1F9F84ED000994E9 /* AppScheme.swift */,
				C6071EAB1F9A0DB300E9013B /* DoorError.swift */,
				C688EDF41F9A51E90065D95D /* User.swift */,
				C6DE08711F9CE11600C4C23E /* RecieverBeacon.swift */,
				C6DA84DE1F9CE4960065FFF9 /* BeaconBroadcaster.swift */,
				C6DA84E41F9CF7610065FFF9 /* AppScheme.swift */,
			);
			path = Models;
			sourceTree = "<group>";
		};
		C68611BA1F9B9B2200BBAA07 /* API */ = {
			isa = PBXGroup;
			children = (
				C6071E831F99FBF100E9013B /* APIRouter.swift */,
			);
			path = API;
			sourceTree = "<group>";
		};
		C68611BB1F9B9DCD00BBAA07 /* Frameworks */ = {
			isa = PBXGroup;
			children = (
				C6DA84E01F9CEA130065FFF9 /* CoreBluetooth.framework */,
				C68611BC1F9B9DCD00BBAA07 /* CoreLocation.framework */,
			);
			name = Frameworks;
			sourceTree = "<group>";
		};
		C688EDEF1F9A4D4D0065D95D /* Profile */ = {
			isa = PBXGroup;
			children = (
				C68611B21F9B9A5C00BBAA07 /* Models */,
				C688EDF61F9A54740065D95D /* Cells */,
				C68611AD1F9B972E00BBAA07 /* Protocols */,
				C688EDED1F9A4D470065D95D /* ProfileViewController.swift */,
				C68611A91F9B971600BBAA07 /* ProfileViewPresenter.swift */,
				C68611AE1F9B981100BBAA07 /* ProfileViewInteractor.swift */,
			);
			path = Profile;
			sourceTree = "<group>";
		};
		C688EDF61F9A54740065D95D /* Cells */ = {
			isa = PBXGroup;
			children = (
				C688EDF01F9A50340065D95D /* SubMenuCell.swift */,
				C688EDF21F9A50750065D95D /* UserInfoCell.swift */,
			);
			path = Cells;
			sourceTree = "<group>";
		};
		C6DA84EA1F9CF8160065FFF9 /* Transmitter */ = {
			isa = PBXGroup;
			children = (
				C6DA84EC1F9CF86F0065FFF9 /* Transmitter.storyboard */,
				C6DA84EB1F9CF8160065FFF9 /* TransmitterViewController.swift */,
			);
			path = Transmitter;
			sourceTree = "<group>";
		};
/* End PBXGroup section */

/* Begin PBXNativeTarget section */
		C6071E5F1F99F9F800E9013B /* Receiver */ = {
			isa = PBXNativeTarget;
			buildConfigurationList = C6071E7D1F99F9F800E9013B /* Build configuration list for PBXNativeTarget "Receiver" */;
			buildPhases = (
				C6071E5C1F99F9F800E9013B /* Sources */,
				C6071E5D1F99F9F800E9013B /* Frameworks */,
				C6071E5E1F99F9F800E9013B /* Resources */,
			);
			buildRules = (
			);
			dependencies = (
			);
			name = Receiver;
			productName = Receiver;
			productReference = C6071E601F99F9F800E9013B /* Receiver.app */;
			productType = "com.apple.product-type.application";
		};
		C6071E731F99F9F800E9013B /* ReceiverTests */ = {
			isa = PBXNativeTarget;
			buildConfigurationList = C6071E801F99F9F800E9013B /* Build configuration list for PBXNativeTarget "ReceiverTests" */;
			buildPhases = (
				C6071E701F99F9F800E9013B /* Sources */,
				C6071E711F99F9F800E9013B /* Frameworks */,
				C6071E721F99F9F800E9013B /* Resources */,
			);
			buildRules = (
			);
			dependencies = (
				C6071E761F99F9F800E9013B /* PBXTargetDependency */,
			);
			name = ReceiverTests;
			productName = ReceiverTests;
			productReference = C6071E741F99F9F800E9013B /* ReceiverTests.xctest */;
			productType = "com.apple.product-type.bundle.unit-test";
		};
/* End PBXNativeTarget section */

/* Begin PBXProject section */
		C6071E581F99F9F800E9013B /* Project object */ = {
			isa = PBXProject;
			attributes = {
				LastSwiftUpdateCheck = 0900;
				LastUpgradeCheck = 0900;
				ORGANIZATIONNAME = "Greenby Apps";
				TargetAttributes = {
					C6071E5F1F99F9F800E9013B = {
						CreatedOnToolsVersion = 9.0;
						ProvisioningStyle = Automatic;
						SystemCapabilities = {
							com.apple.BackgroundModes = {
								enabled = 1;
							};
						};
					};
					C6071E731F99F9F800E9013B = {
						CreatedOnToolsVersion = 9.0;
						ProvisioningStyle = Automatic;
						TestTargetID = C6071E5F1F99F9F800E9013B;
					};
				};
			};
			buildConfigurationList = C6071E5B1F99F9F800E9013B /* Build configuration list for PBXProject "Receiver" */;
			compatibilityVersion = "Xcode 8.0";
			developmentRegion = en;
			hasScannedForEncodings = 0;
			knownRegions = (
				en,
				Base,
			);
			mainGroup = C6071E571F99F9F800E9013B;
			productRefGroup = C6071E611F99F9F800E9013B /* Products */;
			projectDirPath = "";
			projectRoot = "";
			targets = (
				C6071E5F1F99F9F800E9013B /* Receiver */,
				C6071E731F99F9F800E9013B /* ReceiverTests */,
			);
		};
/* End PBXProject section */

/* Begin PBXResourcesBuildPhase section */
		C6071E5E1F99F9F800E9013B /* Resources */ = {
			isa = PBXResourcesBuildPhase;
			buildActionMask = 2147483647;
			files = (
				C68611A61F9B93F600BBAA07 /* Dummy.storyboard in Resources */,
				C6071E6E1F99F9F800E9013B /* LaunchScreen.storyboard in Resources */,
				C6330D5B1F9A129C00C5C9EB /* Localizable.strings in Resources */,
				C6071E6B1F99F9F800E9013B /* Assets.xcassets in Resources */,
				C6DA84ED1F9CF86F0065FFF9 /* Transmitter.storyboard in Resources */,
				C6071E691F99F9F800E9013B /* Reciever.storyboard in Resources */,
			);
			runOnlyForDeploymentPostprocessing = 0;
		};
		C6071E721F99F9F800E9013B /* Resources */ = {
			isa = PBXResourcesBuildPhase;
			buildActionMask = 2147483647;
			files = (
				C6330D5C1F9A130200C5C9EB /* Localizable.strings in Resources */,
			);
			runOnlyForDeploymentPostprocessing = 0;
		};
/* End PBXResourcesBuildPhase section */

/* Begin PBXSourcesBuildPhase section */
		C6071E5C1F99F9F800E9013B /* Sources */ = {
			isa = PBXSourcesBuildPhase;
			buildActionMask = 2147483647;
			files = (
				C6071EAC1F9A0DB300E9013B /* DoorError.swift in Sources */,
				C68611AF1F9B981100BBAA07 /* ProfileViewInteractor.swift in Sources */,
				C68611B91F9B9B1800BBAA07 /* ViewControllerInstantiable.swift in Sources */,
				C6DA84E61F9CF7710065FFF9 /* ViewRouter.swift in Sources */,
				C68611AA1F9B971600BBAA07 /* ProfileViewPresenter.swift in Sources */,
				C688EDE91F9A3A760065D95D /* RecieverBeaconInteractor.swift in Sources */,
				C688EDEC1F9A4C210065D95D /* RoundImageView.swift in Sources */,
				C6071E881F99FCA100E9013B /* RecieverViewPresenter.swift in Sources */,
				C6071E841F99FBF100E9013B /* APIRouter.swift in Sources */,
				C688EDE71F9A39F00065D95D /* RecieverViewController.swift in Sources */,
				C6DA84EE1F9CF8810065FFF9 /* TransmitterViewController.swift in Sources */,
				C68611B41F9B9AAC00BBAA07 /* Presentable.swift in Sources */,
				C68611B11F9B98EC00BBAA07 /* ProfileItem.swift in Sources */,
				C6DE08721F9CE11600C4C23E /* RecieverBeacon.swift in Sources */,
				C688EDEE1F9A4D470065D95D /* ProfileViewController.swift in Sources */,
				C688EDF11F9A50340065D95D /* SubMenuCell.swift in Sources */,
				C688EDF51F9A51E90065D95D /* User.swift in Sources */,
				C688EDF31F9A50750065D95D /* UserInfoCell.swift in Sources */,
				C6071E991F9A075400E9013B /* RecieverInteractor.swift in Sources */,
				C6071E8A1F99FCEB00E9013B /* RecieverView.swift in Sources */,
				C6071E861F99FC6000E9013B /* RecieverViewInteractor.swift in Sources */,
				C6071EA51F9A0A7800E9013B /* BeaconInteractorable.swift in Sources */,
				C6DA84DF1F9CE4960065FFF9 /* BeaconBroadcaster.swift in Sources */,
				C68611AC1F9B972700BBAA07 /* ProfileView.swift in Sources */,
				C6071E641F99F9F800E9013B /* AppDelegate.swift in Sources */,
				C68611A31F9B938600BBAA07 /* DummyViewController.swift in Sources */,
				C6FEBE3E1F9F8504000994E9 /* AppScheme.swift in Sources */,
			);
			runOnlyForDeploymentPostprocessing = 0;
		};
		C6071E701F99F9F800E9013B /* Sources */ = {
			isa = PBXSourcesBuildPhase;
			buildActionMask = 2147483647;
			files = (
				C6071E901F9A065C00E9013B /* RecieverView.swift in Sources */,
				C6071E9C1F9A084C00E9013B /* MockRecieverView.swift in Sources */,
				C6071EAA1F9A0B9000E9013B /* MockBeaconInteractor.swift in Sources */,
				C6071E9A1F9A07E200E9013B /* RecieverInteractor.swift in Sources */,
				C6071EAD1F9A0DB700E9013B /* DoorError.swift in Sources */,
				C6071EA01F9A086C00E9013B /* MockRecieverInteractor.swift in Sources */,
				C6071EA61F9A0A8B00E9013B /* BeaconInteractorable.swift in Sources */,
				C6071E791F99F9F800E9013B /* RecieverViewTests.swift in Sources */,
				C6071E911F9A067C00E9013B /* RecieverViewPresenter.swift in Sources */,
			);
			runOnlyForDeploymentPostprocessing = 0;
		};
/* End PBXSourcesBuildPhase section */

/* Begin PBXTargetDependency section */
		C6071E761F99F9F800E9013B /* PBXTargetDependency */ = {
			isa = PBXTargetDependency;
			target = C6071E5F1F99F9F800E9013B /* Receiver */;
			targetProxy = C6071E751F99F9F800E9013B /* PBXContainerItemProxy */;
		};
/* End PBXTargetDependency section */

/* Begin PBXVariantGroup section */
		C6071E671F99F9F800E9013B /* Reciever.storyboard */ = {
			isa = PBXVariantGroup;
			children = (
				C6071E681F99F9F800E9013B /* Base */,
			);
			name = Reciever.storyboard;
			sourceTree = "<group>";
		};
		C6071E6C1F99F9F800E9013B /* LaunchScreen.storyboard */ = {
			isa = PBXVariantGroup;
			children = (
				C6071E6D1F99F9F800E9013B /* Base */,
			);
			name = LaunchScreen.storyboard;
			sourceTree = "<group>";
		};
/* End PBXVariantGroup section */

/* Begin XCBuildConfiguration section */
		C6071E7B1F99F9F800E9013B /* Debug */ = {
			isa = XCBuildConfiguration;
			buildSettings = {
				ALWAYS_SEARCH_USER_PATHS = NO;
				CLANG_ANALYZER_NONNULL = YES;
				CLANG_ANALYZER_NUMBER_OBJECT_CONVERSION = YES_AGGRESSIVE;
				CLANG_CXX_LANGUAGE_STANDARD = "gnu++14";
				CLANG_CXX_LIBRARY = "libc++";
				CLANG_ENABLE_MODULES = YES;
				CLANG_ENABLE_OBJC_ARC = YES;
				CLANG_WARN_BLOCK_CAPTURE_AUTORELEASING = YES;
				CLANG_WARN_BOOL_CONVERSION = YES;
				CLANG_WARN_COMMA = YES;
				CLANG_WARN_CONSTANT_CONVERSION = YES;
				CLANG_WARN_DIRECT_OBJC_ISA_USAGE = YES_ERROR;
				CLANG_WARN_DOCUMENTATION_COMMENTS = YES;
				CLANG_WARN_EMPTY_BODY = YES;
				CLANG_WARN_ENUM_CONVERSION = YES;
				CLANG_WARN_INFINITE_RECURSION = YES;
				CLANG_WARN_INT_CONVERSION = YES;
				CLANG_WARN_NON_LITERAL_NULL_CONVERSION = YES;
				CLANG_WARN_OBJC_LITERAL_CONVERSION = YES;
				CLANG_WARN_OBJC_ROOT_CLASS = YES_ERROR;
				CLANG_WARN_RANGE_LOOP_ANALYSIS = YES;
				CLANG_WARN_STRICT_PROTOTYPES = YES;
				CLANG_WARN_SUSPICIOUS_MOVE = YES;
				CLANG_WARN_UNGUARDED_AVAILABILITY = YES_AGGRESSIVE;
				CLANG_WARN_UNREACHABLE_CODE = YES;
				CLANG_WARN__DUPLICATE_METHOD_MATCH = YES;
				CODE_SIGN_IDENTITY = "iPhone Developer";
				COPY_PHASE_STRIP = NO;
				DEBUG_INFORMATION_FORMAT = dwarf;
				ENABLE_STRICT_OBJC_MSGSEND = YES;
				ENABLE_TESTABILITY = YES;
				GCC_C_LANGUAGE_STANDARD = gnu11;
				GCC_DYNAMIC_NO_PIC = NO;
				GCC_NO_COMMON_BLOCKS = YES;
				GCC_OPTIMIZATION_LEVEL = 0;
				GCC_PREPROCESSOR_DEFINITIONS = (
					"DEBUG=1",
					"$(inherited)",
				);
				GCC_WARN_64_TO_32_BIT_CONVERSION = YES;
				GCC_WARN_ABOUT_RETURN_TYPE = YES_ERROR;
				GCC_WARN_UNDECLARED_SELECTOR = YES;
				GCC_WARN_UNINITIALIZED_AUTOS = YES_AGGRESSIVE;
				GCC_WARN_UNUSED_FUNCTION = YES;
				GCC_WARN_UNUSED_VARIABLE = YES;
				IPHONEOS_DEPLOYMENT_TARGET = 10.0;
				MTL_ENABLE_DEBUG_INFO = YES;
				ONLY_ACTIVE_ARCH = YES;
				SDKROOT = iphoneos;
				SWIFT_ACTIVE_COMPILATION_CONDITIONS = DEBUG;
				SWIFT_OPTIMIZATION_LEVEL = "-Onone";
			};
			name = Debug;
		};
		C6071E7C1F99F9F800E9013B /* Release */ = {
			isa = XCBuildConfiguration;
			buildSettings = {
				ALWAYS_SEARCH_USER_PATHS = NO;
				CLANG_ANALYZER_NONNULL = YES;
				CLANG_ANALYZER_NUMBER_OBJECT_CONVERSION = YES_AGGRESSIVE;
				CLANG_CXX_LANGUAGE_STANDARD = "gnu++14";
				CLANG_CXX_LIBRARY = "libc++";
				CLANG_ENABLE_MODULES = YES;
				CLANG_ENABLE_OBJC_ARC = YES;
				CLANG_WARN_BLOCK_CAPTURE_AUTORELEASING = YES;
				CLANG_WARN_BOOL_CONVERSION = YES;
				CLANG_WARN_COMMA = YES;
				CLANG_WARN_CONSTANT_CONVERSION = YES;
				CLANG_WARN_DIRECT_OBJC_ISA_USAGE = YES_ERROR;
				CLANG_WARN_DOCUMENTATION_COMMENTS = YES;
				CLANG_WARN_EMPTY_BODY = YES;
				CLANG_WARN_ENUM_CONVERSION = YES;
				CLANG_WARN_INFINITE_RECURSION = YES;
				CLANG_WARN_INT_CONVERSION = YES;
				CLANG_WARN_NON_LITERAL_NULL_CONVERSION = YES;
				CLANG_WARN_OBJC_LITERAL_CONVERSION = YES;
				CLANG_WARN_OBJC_ROOT_CLASS = YES_ERROR;
				CLANG_WARN_RANGE_LOOP_ANALYSIS = YES;
				CLANG_WARN_STRICT_PROTOTYPES = YES;
				CLANG_WARN_SUSPICIOUS_MOVE = YES;
				CLANG_WARN_UNGUARDED_AVAILABILITY = YES_AGGRESSIVE;
				CLANG_WARN_UNREACHABLE_CODE = YES;
				CLANG_WARN__DUPLICATE_METHOD_MATCH = YES;
				CODE_SIGN_IDENTITY = "iPhone Developer";
				COPY_PHASE_STRIP = NO;
				DEBUG_INFORMATION_FORMAT = "dwarf-with-dsym";
				ENABLE_NS_ASSERTIONS = NO;
				ENABLE_STRICT_OBJC_MSGSEND = YES;
				GCC_C_LANGUAGE_STANDARD = gnu11;
				GCC_NO_COMMON_BLOCKS = YES;
				GCC_WARN_64_TO_32_BIT_CONVERSION = YES;
				GCC_WARN_ABOUT_RETURN_TYPE = YES_ERROR;
				GCC_WARN_UNDECLARED_SELECTOR = YES;
				GCC_WARN_UNINITIALIZED_AUTOS = YES_AGGRESSIVE;
				GCC_WARN_UNUSED_FUNCTION = YES;
				GCC_WARN_UNUSED_VARIABLE = YES;
				IPHONEOS_DEPLOYMENT_TARGET = 10.0;
				MTL_ENABLE_DEBUG_INFO = NO;
				SDKROOT = iphoneos;
				SWIFT_OPTIMIZATION_LEVEL = "-Owholemodule";
				VALIDATE_PRODUCT = YES;
			};
			name = Release;
		};
		C6071E7E1F99F9F800E9013B /* Debug */ = {
			isa = XCBuildConfiguration;
			buildSettings = {
				ASSETCATALOG_COMPILER_APPICON_NAME = AppIcon;
				CODE_SIGN_STYLE = Automatic;
				DEVELOPMENT_TEAM = 29XC7B4KB4;
				INFOPLIST_FILE = Receiver/Info.plist;
				IPHONEOS_DEPLOYMENT_TARGET = 10.0;
				LD_RUNPATH_SEARCH_PATHS = "$(inherited) @executable_path/Frameworks";
				PRODUCT_BUNDLE_IDENTIFIER = ie.greenby.Receiver;
				PRODUCT_NAME = "$(TARGET_NAME)";
				SWIFT_VERSION = 4.0;
				TARGETED_DEVICE_FAMILY = "1,2";
			};
			name = Debug;
		};
		C6071E7F1F99F9F800E9013B /* Release */ = {
			isa = XCBuildConfiguration;
			buildSettings = {
				ASSETCATALOG_COMPILER_APPICON_NAME = AppIcon;
				CODE_SIGN_STYLE = Automatic;
				DEVELOPMENT_TEAM = 29XC7B4KB4;
				INFOPLIST_FILE = Receiver/Info.plist;
				IPHONEOS_DEPLOYMENT_TARGET = 10.0;
				LD_RUNPATH_SEARCH_PATHS = "$(inherited) @executable_path/Frameworks";
				PRODUCT_BUNDLE_IDENTIFIER = ie.greenby.Receiver;
				PRODUCT_NAME = "$(TARGET_NAME)";
				SWIFT_VERSION = 4.0;
				TARGETED_DEVICE_FAMILY = "1,2";
			};
			name = Release;
		};
		C6071E811F99F9F800E9013B /* Debug */ = {
			isa = XCBuildConfiguration;
			buildSettings = {
				ALWAYS_EMBED_SWIFT_STANDARD_LIBRARIES = YES;
				BUNDLE_LOADER = "$(TEST_HOST)";
				CODE_SIGN_STYLE = Automatic;
				DEVELOPMENT_TEAM = 29XC7B4KB4;
				INFOPLIST_FILE = ReceiverTests/Info.plist;
				LD_RUNPATH_SEARCH_PATHS = "$(inherited) @executable_path/Frameworks @loader_path/Frameworks";
				PRODUCT_BUNDLE_IDENTIFIER = ie.greenby.ReceiverTests;
				PRODUCT_NAME = "$(TARGET_NAME)";
				SWIFT_VERSION = 4.0;
				TARGETED_DEVICE_FAMILY = "1,2";
				TEST_HOST = "$(BUILT_PRODUCTS_DIR)/Receiver.app/Receiver";
			};
			name = Debug;
		};
		C6071E821F99F9F800E9013B /* Release */ = {
			isa = XCBuildConfiguration;
			buildSettings = {
				ALWAYS_EMBED_SWIFT_STANDARD_LIBRARIES = YES;
				BUNDLE_LOADER = "$(TEST_HOST)";
				CODE_SIGN_STYLE = Automatic;
				DEVELOPMENT_TEAM = 29XC7B4KB4;
				INFOPLIST_FILE = ReceiverTests/Info.plist;
				LD_RUNPATH_SEARCH_PATHS = "$(inherited) @executable_path/Frameworks @loader_path/Frameworks";
				PRODUCT_BUNDLE_IDENTIFIER = ie.greenby.ReceiverTests;
				PRODUCT_NAME = "$(TARGET_NAME)";
				SWIFT_VERSION = 4.0;
				TARGETED_DEVICE_FAMILY = "1,2";
				TEST_HOST = "$(BUILT_PRODUCTS_DIR)/Receiver.app/Receiver";
			};
			name = Release;
		};
/* End XCBuildConfiguration section */

/* Begin XCConfigurationList section */
		C6071E5B1F99F9F800E9013B /* Build configuration list for PBXProject "Receiver" */ = {
			isa = XCConfigurationList;
			buildConfigurations = (
				C6071E7B1F99F9F800E9013B /* Debug */,
				C6071E7C1F99F9F800E9013B /* Release */,
			);
			defaultConfigurationIsVisible = 0;
			defaultConfigurationName = Release;
		};
		C6071E7D1F99F9F800E9013B /* Build configuration list for PBXNativeTarget "Receiver" */ = {
			isa = XCConfigurationList;
			buildConfigurations = (
				C6071E7E1F99F9F800E9013B /* Debug */,
				C6071E7F1F99F9F800E9013B /* Release */,
			);
			defaultConfigurationIsVisible = 0;
			defaultConfigurationName = Release;
		};
		C6071E801F99F9F800E9013B /* Build configuration list for PBXNativeTarget "ReceiverTests" */ = {
			isa = XCConfigurationList;
			buildConfigurations = (
				C6071E811F99F9F800E9013B /* Debug */,
				C6071E821F99F9F800E9013B /* Release */,
			);
			defaultConfigurationIsVisible = 0;
			defaultConfigurationName = Release;
		};
/* End XCConfigurationList section */
	};
	rootObject = C6071E581F99F9F800E9013B /* Project object */;
}
